--- 
dependencies: 
  rails: 
    group: 
    - :default
    version: ~> 2.3.8
    require: []

  multipart-post: 
    group: 
    - :default
    version: = 1.0
    require: 
    - net/http/post/multipart
  haml: 
    group: 
    - :default
    version: = 3.0.17
  hashie: 
    group: 
    - :default
    version: = 0.1.5
  rack: 
    group: 
    - :default
    version: = 1.1.0
  erubis: 
    group: 
    - :default
    version: ">= 2.6.4"
  json: 
    group: 
    - :default
    version: = 1.1.9
  stomp: 
    group: 
    - :default
    version: = 1.1.6
specs: 
- rake: 
    version: 0.8.7
- abstract: 
    version: 1.0.0
- activesupport: 
    version: 2.3.8
- rack: 
    version: 1.1.0
- actionpack: 
    version: 2.3.8
- actionmailer: 
    version: 2.3.8
- activerecord: 
    version: 2.3.8
- activeresource: 
    version: 2.3.8
- erubis: 
    version: 2.6.6
- haml: 
    version: 3.0.17
- hashie: 
    version: 0.1.5
- json: 
    version: 1.1.9
- multipart-post: 
    version: "1.0"
- rails: 
    version: 2.3.8
- stomp: 
    version: 1.1.6
hash: 17c1f98a2f30c6f57cdd903f19df6b9d96e96c97
sources: 
- Rubygems: 
    uri: http://gemcutter.org
