--- 
dependencies: 
  mongrel: 
    group: 
    - :default
    version: ">= 0"
  rails: 
    group: 
    - :default
    version: ~> 2.3.5
    require: []

  multipart-post: 
    group: 
    - :default
    version: = 1.0
    require: 
    - net/http/post/multipart
  haml: 
    group: 
    - :default
    version: = 3.0.17
  hashie: 
    group: 
    - :default
    version: = 0.1.5
  abstract: 
    group: 
    - :default
    version: = 1.0.0
  rack: 
    group: 
    - :default
    version: = 1.0.1
  erubis: 
    group: 
    - :default
    version: ">= 2.6.4"
  json: 
    group: 
    - :default
    version: = 1.1.9
  googlecharts: 
    group: 
    - :default
    version: = 1.3.6
    require: 
    - gchart
  stomp: 
    group: 
    - :default
    version: = 1.1.6
specs: 
- rake: 
    version: 0.8.7
- abstract: 
    version: 1.0.0
- activesupport: 
    version: 2.3.5
- rack: 
    version: 1.0.1
- actionpack: 
    version: 2.3.5
- actionmailer: 
    version: 2.3.5
- activerecord: 
    version: 2.3.5
- activeresource: 
    version: 2.3.5
- cgi_multipart_eof_fix: 
    version: 2.5.0
- daemons: 
    version: 1.1.0
- erubis: 
    version: 2.6.6
- fastthread: 
    version: 1.0.7
- gem_plugin: 
    version: 0.2.3
- googlecharts: 
    version: 1.3.6
- haml: 
    version: 3.0.17
- hashie: 
    version: 0.1.5
- json: 
    version: 1.1.9
- mongrel: 
    version: 1.1.5
- multipart-post: 
    version: "1.0"
- rails: 
    version: 2.3.5
- stomp: 
    version: 1.1.6
hash: 33f83d2e8f67a5e92fd627af844bb2a22d45723c
sources: 
- Rubygems: 
    uri: http://gemcutter.org
