--- 
dependencies: 
  multipart-post: 
    group: 
    - :default
    version: = 1.0
    require: 
    - net/http/post/multipart
  rails: 
    group: 
    - :default
    version: ~> 2.3.5
    require: []

  haml: 
    group: 
    - :default
    version: = 3.0.17
  hashie: 
    group: 
    - :default
    version: = 0.1.5
  abstract: 
    group: 
    - :default
    version: = 1.0.0
  rack: 
    group: 
    - :default
    version: = 1.0.1
  json: 
    group: 
    - :default
    version: = 1.1.9
  erubis: 
    group: 
    - :default
    version: ">= 2.6.4"
  googlecharts: 
    group: 
    - :default
    version: = 1.3.6
    require: 
    - gchart
  stomp: 
    group: 
    - :default
    version: = 1.1.6
specs: 
- rake: 
    version: 0.8.7
- abstract: 
    version: 1.0.0
- activesupport: 
    version: 2.3.5
- rack: 
    version: 1.0.1
- actionpack: 
    version: 2.3.5
- actionmailer: 
    version: 2.3.5
- activerecord: 
    version: 2.3.5
- activeresource: 
    version: 2.3.5
- erubis: 
    version: 2.6.6
- googlecharts: 
    version: 1.3.6
- haml: 
    version: 3.0.17
- hashie: 
    version: 0.1.5
- json: 
    version: 1.1.9
- multipart-post: 
    version: "1.0"
- rails: 
    version: 2.3.5
- stomp: 
    version: 1.1.6
hash: d73812a25875edf61c1396793f09c02feca5ee85
sources: 
- Rubygems: 
    uri: http://gemcutter.org
