{
  "requires": true,
  "lockfileVersion": 1,
  "dependencies": {
    "arr-diff": {
      "version": "4.0.0",
      "resolved": "https://repo.socrata.com:443/artifactory/api/npm/npm-virtual/arr-diff/-/arr-diff-4.0.0.tgz",
      "integrity": "sha1-1kYQdP6/7HHn4VI1dhoyml3HxSA="
    },
    "arr-flatten": {
      "version": "1.1.0",
      "resolved": "https://repo.socrata.com:443/artifactory/api/npm/npm-virtual/arr-flatten/-/arr-flatten-1.1.0.tgz",
      "integrity": "sha1-NgSLv/TntH4TZkQxbJlmnqWukfE="
    },
    "arr-union": {
      "version": "3.1.0",
      "resolved": "https://repo.socrata.com:443/artifactory/api/npm/npm-virtual/arr-union/-/arr-union-3.1.0.tgz",
      "integrity": "sha1-45sJrqne+Gao8gbiiK9jkZuuOcQ="
    },
    "array-unique": {
      "version": "0.3.2",
      "resolved": "https://repo.socrata.com:443/artifactory/api/npm/npm-virtual/array-unique/-/array-unique-0.3.2.tgz",
      "integrity": "sha1-qJS3XUvE9s1nnvMkSp/Y9Gri1Cg="
    },
    "atob": {
      "version": "2.0.3",
      "resolved": "https://repo.socrata.com:443/artifactory/api/npm/npm-virtual/atob/-/atob-2.0.3.tgz",
      "integrity": "sha1-GcenYEc3dEaPILLS0DNyrX1Mv10="
    },
    "awesome-typescript-loader": {
      "version": "3.2.3",
      "resolved": "https://repo.socrata.com:443/artifactory/api/npm/npm-virtual/awesome-typescript-loader/-/awesome-typescript-loader-3.2.3.tgz",
      "integrity": "sha1-qiEZt8gIoDHisolFsDFFCol1Nn8=",
      "requires": {
        "colors": "1.1.2",
        "enhanced-resolve": "3.3.0",
        "loader-utils": "1.1.0",
        "lodash": "4.17.4",
        "micromatch": "3.1.0",
        "mkdirp": "0.5.1",
        "object-assign": "4.1.1",
        "source-map-support": "0.4.18"
      }
    },
    "base": {
      "version": "0.11.2",
      "resolved": "https://repo.socrata.com:443/artifactory/api/npm/npm-virtual/base/-/base-0.11.2.tgz",
      "integrity": "sha1-e95c7RRbbVUakNuH+DxVi060io8=",
      "requires": {
        "cache-base": "1.0.1",
        "class-utils": "0.3.5",
        "component-emitter": "1.2.1",
        "define-property": "1.0.0",
        "isobject": "3.0.1",
        "mixin-deep": "1.2.0",
        "pascalcase": "0.1.1"
      }
    },
    "big.js": {
      "version": "3.2.0",
      "resolved": "https://repo.socrata.com:443/artifactory/api/npm/npm-virtual/big.js/-/big.js-3.2.0.tgz",
      "integrity": "sha1-pfwpi4G54Nyi5FiCR4S2XFK6WI4="
    },
    "braces": {
      "version": "2.2.2",
      "resolved": "https://repo.socrata.com:443/artifactory/api/npm/npm-virtual/braces/-/braces-2.2.2.tgz",
      "integrity": "sha1-JB+GjCsmkNn+vu5afIP7vyXQCxs=",
      "requires": {
        "arr-flatten": "1.1.0",
        "array-unique": "0.3.2",
        "define-property": "1.0.0",
        "extend-shallow": "2.0.1",
        "fill-range": "4.0.0",
        "isobject": "3.0.1",
        "repeat-element": "1.1.2",
        "snapdragon": "0.8.1",
        "snapdragon-node": "2.1.1",
        "split-string": "2.1.1",
        "to-regex": "3.0.1"
      }
    },
    "cache-base": {
      "version": "1.0.1",
      "resolved": "https://repo.socrata.com:443/artifactory/api/npm/npm-virtual/cache-base/-/cache-base-1.0.1.tgz",
      "integrity": "sha1-Cn9GQWgxyLZi7jb+TnxZ129marI=",
      "requires": {
        "collection-visit": "1.0.0",
        "component-emitter": "1.2.1",
        "get-value": "2.0.6",
        "has-value": "1.0.0",
        "isobject": "3.0.1",
        "set-value": "2.0.0",
        "to-object-path": "0.3.0",
        "union-value": "1.0.0",
        "unset-value": "1.0.0"
      }
    },
    "class-utils": {
      "version": "0.3.5",
      "resolved": "https://repo.socrata.com:443/artifactory/api/npm/npm-virtual/class-utils/-/class-utils-0.3.5.tgz",
      "integrity": "sha1-F+eTEDdQ+WJ7IXbqNM/RtWWQPIA=",
      "requires": {
        "arr-union": "3.1.0",
        "define-property": "0.2.5",
        "isobject": "3.0.1",
        "lazy-cache": "2.0.2",
        "static-extend": "0.1.2"
      },
      "dependencies": {
        "define-property": {
          "version": "0.2.5",
          "resolved": "https://repo.socrata.com:443/artifactory/api/npm/npm-virtual/define-property/-/define-property-0.2.5.tgz",
          "integrity": "sha1-w1se+RjsPJkPmlvFe+BKrOxcgRY=",
          "requires": {
            "is-descriptor": "0.1.6"
          }
        },
        "is-descriptor": {
          "version": "0.1.6",
          "resolved": "https://repo.socrata.com:443/artifactory/api/npm/npm-virtual/is-descriptor/-/is-descriptor-0.1.6.tgz",
          "integrity": "sha1-Nm2CQN3kh8pRgjsaufB6EKeCUco=",
          "requires": {
            "is-accessor-descriptor": "0.1.6",
            "is-data-descriptor": "0.1.4",
            "kind-of": "5.0.2"
          }
        }
      }
    },
    "collection-visit": {
      "version": "1.0.0",
      "resolved": "https://repo.socrata.com:443/artifactory/api/npm/npm-virtual/collection-visit/-/collection-visit-1.0.0.tgz",
      "integrity": "sha1-S8A3PBZLwykbTTaMgpzxqApZ3KA=",
      "requires": {
        "map-visit": "1.0.0",
        "object-visit": "1.0.1"
      }
    },
    "colors": {
      "version": "1.1.2",
      "resolved": "https://repo.socrata.com:443/artifactory/api/npm/npm-virtual/colors/-/colors-1.1.2.tgz",
      "integrity": "sha1-FopHAXVran9RoSzgyXv6KMCE7WM="
    },
    "component-emitter": {
      "version": "1.2.1",
      "resolved": "https://repo.socrata.com:443/artifactory/api/npm/npm-virtual/component-emitter/-/component-emitter-1.2.1.tgz",
      "integrity": "sha1-E3kY1teCg/ffemt8WmPhQOaUJeY="
    },
    "copy-descriptor": {
      "version": "0.1.1",
      "resolved": "https://repo.socrata.com:443/artifactory/api/npm/npm-virtual/copy-descriptor/-/copy-descriptor-0.1.1.tgz",
      "integrity": "sha1-Z29us8OZl8LuGsOpJP1hJHSPV40="
    },
    "core-util-is": {
      "version": "1.0.2",
      "resolved": "https://repo.socrata.com:443/artifactory/api/npm/npm-virtual/core-util-is/-/core-util-is-1.0.2.tgz",
      "integrity": "sha1-tf1UIgqivFq1eqtxQMlAdUUDwac="
    },
    "debug": {
      "version": "2.6.9",
      "resolved": "https://repo.socrata.com:443/artifactory/api/npm/npm-virtual/debug/-/debug-2.6.9.tgz",
      "integrity": "sha1-XRKFFd8TT/Mn6QpMk/Tgd6U2NB8=",
      "requires": {
        "ms": "2.0.0"
      }
    },
    "define-property": {
      "version": "1.0.0",
      "resolved": "https://repo.socrata.com:443/artifactory/api/npm/npm-virtual/define-property/-/define-property-1.0.0.tgz",
      "integrity": "sha1-dp66rz9KY6rTr56NMEybvnm/sOY=",
      "requires": {
        "is-descriptor": "1.0.1"
      }
    },
    "dot-prop-immutable": {
      "version": "https://registry.npmjs.org/dot-prop-immutable/-/dot-prop-immutable-1.3.1.tgz",
      "integrity": "sha1-EAwMs75mFY9vE1BEBZSWDYzCxxg="
    },
    "emojis-list": {
      "version": "2.1.0",
      "resolved": "https://repo.socrata.com:443/artifactory/api/npm/npm-virtual/emojis-list/-/emojis-list-2.1.0.tgz",
      "integrity": "sha1-TapNnbAPmBmIDHn6RXrlsJof04k="
    },
    "enhanced-resolve": {
      "version": "3.3.0",
      "resolved": "https://repo.socrata.com:443/artifactory/api/npm/npm-virtual/enhanced-resolve/-/enhanced-resolve-3.3.0.tgz",
      "integrity": "sha1-lQlk7MfwMypCMhtnOzjcj/FVNbM=",
      "requires": {
        "graceful-fs": "4.1.11",
        "memory-fs": "0.4.1",
        "object-assign": "4.1.1",
        "tapable": "0.2.8"
      }
    },
    "errno": {
      "version": "0.1.4",
      "resolved": "https://repo.socrata.com:443/artifactory/api/npm/npm-virtual/errno/-/errno-0.1.4.tgz",
      "integrity": "sha1-uJbiOp5ei6M4cfyZar02NfyaHH0=",
      "requires": {
        "prr": "0.0.0"
      }
    },
    "expand-brackets": {
      "version": "2.1.4",
      "resolved": "https://repo.socrata.com:443/artifactory/api/npm/npm-virtual/expand-brackets/-/expand-brackets-2.1.4.tgz",
      "integrity": "sha1-t3c14xXOMPa27/D4OwQVGiJEliI=",
      "requires": {
        "debug": "2.6.9",
        "define-property": "0.2.5",
        "extend-shallow": "2.0.1",
        "posix-character-classes": "0.1.1",
        "regex-not": "1.0.0",
        "snapdragon": "0.8.1",
        "to-regex": "3.0.1"
      },
      "dependencies": {
        "define-property": {
          "version": "0.2.5",
          "resolved": "https://repo.socrata.com:443/artifactory/api/npm/npm-virtual/define-property/-/define-property-0.2.5.tgz",
          "integrity": "sha1-w1se+RjsPJkPmlvFe+BKrOxcgRY=",
          "requires": {
            "is-descriptor": "0.1.6"
          }
        },
        "is-descriptor": {
          "version": "0.1.6",
          "resolved": "https://repo.socrata.com:443/artifactory/api/npm/npm-virtual/is-descriptor/-/is-descriptor-0.1.6.tgz",
          "integrity": "sha1-Nm2CQN3kh8pRgjsaufB6EKeCUco=",
          "requires": {
            "is-accessor-descriptor": "0.1.6",
            "is-data-descriptor": "0.1.4",
            "kind-of": "5.0.2"
          }
        }
      }
    },
    "extend-shallow": {
      "version": "2.0.1",
      "resolved": "https://repo.socrata.com:443/artifactory/api/npm/npm-virtual/extend-shallow/-/extend-shallow-2.0.1.tgz",
      "integrity": "sha1-Ua99YUrZqfYQ6huvu5idaxxWiQ8=",
      "requires": {
        "is-extendable": "0.1.1"
      }
    },
    "extglob": {
      "version": "2.0.2",
      "resolved": "https://repo.socrata.com:443/artifactory/api/npm/npm-virtual/extglob/-/extglob-2.0.2.tgz",
      "integrity": "sha1-MpD0YgjbGy6OuL4MlO2eatgO2+I=",
      "requires": {
        "array-unique": "0.3.2",
        "define-property": "1.0.0",
        "expand-brackets": "2.1.4",
        "extend-shallow": "2.0.1",
        "fragment-cache": "0.2.1",
        "regex-not": "1.0.0",
        "snapdragon": "0.8.1",
        "to-regex": "3.0.1"
      }
    },
    "fill-range": {
      "version": "4.0.0",
      "resolved": "https://repo.socrata.com:443/artifactory/api/npm/npm-virtual/fill-range/-/fill-range-4.0.0.tgz",
      "integrity": "sha1-1USBHUKPmOsGpj3EAtJAPDKMOPc=",
      "requires": {
        "extend-shallow": "2.0.1",
        "is-number": "3.0.0",
        "repeat-string": "1.6.1",
        "to-regex-range": "2.1.1"
      }
    },
    "for-in": {
      "version": "1.0.2",
      "resolved": "https://repo.socrata.com:443/artifactory/api/npm/npm-virtual/for-in/-/for-in-1.0.2.tgz",
      "integrity": "sha1-gQaNKVqBQuwKxybG4iAMMPttXoA="
    },
    "fragment-cache": {
      "version": "0.2.1",
      "resolved": "https://repo.socrata.com:443/artifactory/api/npm/npm-virtual/fragment-cache/-/fragment-cache-0.2.1.tgz",
      "integrity": "sha1-QpD60n8T6Jvn8zeZxrxaCr//DRk=",
      "requires": {
        "map-cache": "0.2.2"
      }
    },
    "get-value": {
      "version": "2.0.6",
      "resolved": "https://repo.socrata.com:443/artifactory/api/npm/npm-virtual/get-value/-/get-value-2.0.6.tgz",
      "integrity": "sha1-3BXKHGcjh8p2vTesCjlbogQqLCg="
    },
    "graceful-fs": {
      "version": "4.1.11",
      "resolved": "https://repo.socrata.com:443/artifactory/api/npm/npm-virtual/graceful-fs/-/graceful-fs-4.1.11.tgz",
      "integrity": "sha1-Dovf5NHduIVNZOBOp8AOKgJuVlg="
    },
    "has-value": {
      "version": "1.0.0",
      "resolved": "https://repo.socrata.com:443/artifactory/api/npm/npm-virtual/has-value/-/has-value-1.0.0.tgz",
      "integrity": "sha1-GLKB2lhbHFxR3vJMkw7SmgvmsXc=",
      "requires": {
        "get-value": "2.0.6",
        "has-values": "1.0.0",
        "isobject": "3.0.1"
      }
    },
    "has-values": {
      "version": "1.0.0",
      "resolved": "https://repo.socrata.com:443/artifactory/api/npm/npm-virtual/has-values/-/has-values-1.0.0.tgz",
      "integrity": "sha1-lbC2P+whRmGab+V/51Yo1aOe/k8=",
      "requires": {
        "is-number": "3.0.0",
        "kind-of": "4.0.0"
      },
      "dependencies": {
        "kind-of": {
          "version": "4.0.0",
          "resolved": "https://repo.socrata.com:443/artifactory/api/npm/npm-virtual/kind-of/-/kind-of-4.0.0.tgz",
          "integrity": "sha1-IIE989cSkosgc3hpGkUGb65y3Vc=",
          "requires": {
            "is-buffer": "1.1.5"
          }
        }
      }
    },
    "inherits": {
      "version": "2.0.3",
      "resolved": "https://repo.socrata.com:443/artifactory/api/npm/npm-virtual/inherits/-/inherits-2.0.3.tgz",
      "integrity": "sha1-Yzwsg+PaQqUC9SRmAiSA9CCCYd4="
    },
    "is-accessor-descriptor": {
      "version": "0.1.6",
      "resolved": "https://repo.socrata.com:443/artifactory/api/npm/npm-virtual/is-accessor-descriptor/-/is-accessor-descriptor-0.1.6.tgz",
      "integrity": "sha1-qeEss66Nh2cn7u84Q/igiXtcmNY=",
      "requires": {
        "kind-of": "3.2.2"
      },
      "dependencies": {
        "kind-of": {
          "version": "3.2.2",
          "resolved": "https://repo.socrata.com:443/artifactory/api/npm/npm-virtual/kind-of/-/kind-of-3.2.2.tgz",
          "integrity": "sha1-MeohpzS6ubuw8yRm2JOupR5KPGQ=",
          "requires": {
            "is-buffer": "1.1.5"
          }
        }
      }
    },
    "is-buffer": {
      "version": "1.1.5",
      "resolved": "https://repo.socrata.com:443/artifactory/api/npm/npm-virtual/is-buffer/-/is-buffer-1.1.5.tgz",
      "integrity": "sha1-Hzsm72E7IUuIy8ojzGwB2Hlh7sw="
    },
    "is-data-descriptor": {
      "version": "0.1.4",
      "resolved": "https://repo.socrata.com:443/artifactory/api/npm/npm-virtual/is-data-descriptor/-/is-data-descriptor-0.1.4.tgz",
      "integrity": "sha1-C17mSDiOLIYCgueT8YVv7D8wG1Y=",
      "requires": {
        "kind-of": "3.2.2"
      },
      "dependencies": {
        "kind-of": {
          "version": "3.2.2",
          "resolved": "https://repo.socrata.com:443/artifactory/api/npm/npm-virtual/kind-of/-/kind-of-3.2.2.tgz",
          "integrity": "sha1-MeohpzS6ubuw8yRm2JOupR5KPGQ=",
          "requires": {
            "is-buffer": "1.1.5"
          }
        }
      }
    },
    "is-descriptor": {
      "version": "1.0.1",
      "resolved": "https://repo.socrata.com:443/artifactory/api/npm/npm-virtual/is-descriptor/-/is-descriptor-1.0.1.tgz",
      "integrity": "sha1-LGAjWZveLenV0si5qdlAggNrbvI=",
      "requires": {
        "is-accessor-descriptor": "0.1.6",
        "is-data-descriptor": "0.1.4",
        "kind-of": "5.0.2"
      }
    },
    "is-extendable": {
      "version": "0.1.1",
      "resolved": "https://repo.socrata.com:443/artifactory/api/npm/npm-virtual/is-extendable/-/is-extendable-0.1.1.tgz",
      "integrity": "sha1-YrEQ4omkcUGOPsNqYX1HLjAd/Ik="
    },
    "is-number": {
      "version": "3.0.0",
      "resolved": "https://repo.socrata.com:443/artifactory/api/npm/npm-virtual/is-number/-/is-number-3.0.0.tgz",
      "integrity": "sha1-JP1iAaR4LPUFYcgQJ2r8fRLXEZU=",
      "requires": {
        "kind-of": "3.2.2"
      },
      "dependencies": {
        "kind-of": {
          "version": "3.2.2",
          "resolved": "https://repo.socrata.com:443/artifactory/api/npm/npm-virtual/kind-of/-/kind-of-3.2.2.tgz",
          "integrity": "sha1-MeohpzS6ubuw8yRm2JOupR5KPGQ=",
          "requires": {
            "is-buffer": "1.1.5"
          }
        }
      }
    },
    "is-odd": {
      "version": "1.0.0",
      "resolved": "https://repo.socrata.com:443/artifactory/api/npm/npm-virtual/is-odd/-/is-odd-1.0.0.tgz",
      "integrity": "sha1-O4qTLrAos3dcObsJ6RdnrM22kIg=",
      "requires": {
        "is-number": "3.0.0"
      }
    },
    "is-plain-object": {
      "version": "2.0.4",
      "resolved": "https://repo.socrata.com:443/artifactory/api/npm/npm-virtual/is-plain-object/-/is-plain-object-2.0.4.tgz",
      "integrity": "sha1-LBY7P6+xtgbZ0Xko8FwqHDjgdnc=",
      "requires": {
        "isobject": "3.0.1"
      }
    },
    "isarray": {
      "version": "1.0.0",
      "resolved": "https://repo.socrata.com:443/artifactory/api/npm/npm-virtual/isarray/-/isarray-1.0.0.tgz",
      "integrity": "sha1-u5NdSFgsuhaMBoNJV6VKPgcSTxE="
    },
    "isobject": {
      "version": "3.0.1",
      "resolved": "https://repo.socrata.com:443/artifactory/api/npm/npm-virtual/isobject/-/isobject-3.0.1.tgz",
      "integrity": "sha1-TkMekrEalzFjaqH5yNHMvP2reN8="
    },
    "json5": {
      "version": "0.5.1",
      "resolved": "https://repo.socrata.com:443/artifactory/api/npm/npm-virtual/json5/-/json5-0.5.1.tgz",
      "integrity": "sha1-Hq3nrMASA0rYTiOWdn6tn6VJWCE="
    },
    "kind-of": {
      "version": "5.0.2",
      "resolved": "https://repo.socrata.com:443/artifactory/api/npm/npm-virtual/kind-of/-/kind-of-5.0.2.tgz",
      "integrity": "sha1-9Xvskz2aIgn/qWxcCDQ2B7cDX9o="
    },
    "lazy-cache": {
      "version": "2.0.2",
      "resolved": "https://repo.socrata.com:443/artifactory/api/npm/npm-virtual/lazy-cache/-/lazy-cache-2.0.2.tgz",
      "integrity": "sha1-uRkKT5EzVGlIQIWfio9whNiCImQ=",
      "requires": {
        "set-getter": "0.1.0"
      }
    },
    "loader-utils": {
      "version": "1.1.0",
      "resolved": "https://repo.socrata.com:443/artifactory/api/npm/npm-virtual/loader-utils/-/loader-utils-1.1.0.tgz",
      "integrity": "sha1-yYrvSIvM7aL/teLeZG1qdUQp9c0=",
      "requires": {
        "big.js": "3.2.0",
        "emojis-list": "2.1.0",
        "json5": "0.5.1"
      }
    },
    "lodash": {
      "version": "4.17.4",
      "resolved": "https://repo.socrata.com:443/artifactory/api/npm/npm-virtual/lodash/-/lodash-4.17.4.tgz",
      "integrity": "sha1-eCA6TRwyiuHYbcpkYONptX9AVa4="
    },
    "map-cache": {
      "version": "0.2.2",
      "resolved": "https://repo.socrata.com:443/artifactory/api/npm/npm-virtual/map-cache/-/map-cache-0.2.2.tgz",
      "integrity": "sha1-wyq9C9ZSXZsFFkW7TyasXcmKDb8="
    },
    "map-visit": {
      "version": "1.0.0",
      "resolved": "https://repo.socrata.com:443/artifactory/api/npm/npm-virtual/map-visit/-/map-visit-1.0.0.tgz",
      "integrity": "sha1-7Nyo8TFE5mDxtb1B8S80edmN+48=",
      "requires": {
        "object-visit": "1.0.1"
      }
    },
    "memory-fs": {
      "version": "0.4.1",
      "resolved": "https://repo.socrata.com:443/artifactory/api/npm/npm-virtual/memory-fs/-/memory-fs-0.4.1.tgz",
      "integrity": "sha1-OpoguEYlI+RHz7x+i7gO1me/xVI=",
      "requires": {
        "errno": "0.1.4",
        "readable-stream": "2.3.3"
      }
    },
    "micromatch": {
      "version": "3.1.0",
      "resolved": "https://repo.socrata.com:443/artifactory/api/npm/npm-virtual/micromatch/-/micromatch-3.1.0.tgz",
      "integrity": "sha1-UQLU6vILaZfWAI46z+HESj+oFeI=",
      "requires": {
        "arr-diff": "4.0.0",
        "array-unique": "0.3.2",
        "braces": "2.2.2",
        "define-property": "1.0.0",
        "extend-shallow": "2.0.1",
        "extglob": "2.0.2",
        "fragment-cache": "0.2.1",
        "kind-of": "5.0.2",
        "nanomatch": "1.2.3",
        "object.pick": "1.3.0",
        "regex-not": "1.0.0",
        "snapdragon": "0.8.1",
        "to-regex": "3.0.1"
      }
    },
    "minimist": {
      "version": "0.0.8",
      "resolved": "https://repo.socrata.com:443/artifactory/api/npm/npm-virtual/minimist/-/minimist-0.0.8.tgz",
      "integrity": "sha1-hX/Kv8M5fSYluCKCYuhqp6ARsF0="
    },
    "mixin-deep": {
      "version": "1.2.0",
      "resolved": "https://repo.socrata.com:443/artifactory/api/npm/npm-virtual/mixin-deep/-/mixin-deep-1.2.0.tgz",
      "integrity": "sha1-0CuMb4ttS49ZgtP9AJxJGYUcP+I=",
      "requires": {
        "for-in": "1.0.2",
        "is-extendable": "0.1.1"
      }
    },
    "mkdirp": {
      "version": "0.5.1",
      "resolved": "https://repo.socrata.com:443/artifactory/api/npm/npm-virtual/mkdirp/-/mkdirp-0.5.1.tgz",
      "integrity": "sha1-MAV0OOrGz3+MR2fzhkjWaX11yQM=",
      "requires": {
        "minimist": "0.0.8"
      }
    },
    "ms": {
      "version": "2.0.0",
      "resolved": "https://repo.socrata.com:443/artifactory/api/npm/npm-virtual/ms/-/ms-2.0.0.tgz",
      "integrity": "sha1-VgiurfwAvmwpAd9fmGF4jeDVl8g="
    },
    "nanomatch": {
      "version": "1.2.3",
      "resolved": "https://repo.socrata.com:443/artifactory/api/npm/npm-virtual/nanomatch/-/nanomatch-1.2.3.tgz",
      "integrity": "sha1-FeHALc+ZDCeig7CMC6GAHOJJpqY=",
      "requires": {
        "arr-diff": "4.0.0",
        "array-unique": "0.3.2",
        "define-property": "1.0.0",
        "extend-shallow": "2.0.1",
        "fragment-cache": "0.2.1",
        "is-odd": "1.0.0",
        "kind-of": "5.0.2",
        "object.pick": "1.3.0",
        "regex-not": "1.0.0",
        "snapdragon": "0.8.1",
        "to-regex": "3.0.1"
      }
    },
    "object-assign": {
      "version": "4.1.1",
      "resolved": "https://repo.socrata.com:443/artifactory/api/npm/npm-virtual/object-assign/-/object-assign-4.1.1.tgz",
      "integrity": "sha1-IQmtx5ZYh8/AXLvUQsrIv7s2CGM="
    },
    "object-copy": {
      "version": "0.1.0",
      "resolved": "https://repo.socrata.com:443/artifactory/api/npm/npm-virtual/object-copy/-/object-copy-0.1.0.tgz",
      "integrity": "sha1-fn2Fi3gb18mRpBupde04EnVOmYw=",
      "requires": {
        "copy-descriptor": "0.1.1",
        "define-property": "0.2.5",
        "kind-of": "3.2.2"
      },
      "dependencies": {
        "define-property": {
          "version": "0.2.5",
          "resolved": "https://repo.socrata.com:443/artifactory/api/npm/npm-virtual/define-property/-/define-property-0.2.5.tgz",
          "integrity": "sha1-w1se+RjsPJkPmlvFe+BKrOxcgRY=",
          "requires": {
            "is-descriptor": "0.1.6"
          }
        },
        "is-descriptor": {
          "version": "0.1.6",
          "resolved": "https://repo.socrata.com:443/artifactory/api/npm/npm-virtual/is-descriptor/-/is-descriptor-0.1.6.tgz",
          "integrity": "sha1-Nm2CQN3kh8pRgjsaufB6EKeCUco=",
          "requires": {
            "is-accessor-descriptor": "0.1.6",
            "is-data-descriptor": "0.1.4",
            "kind-of": "5.0.2"
          },
          "dependencies": {
            "kind-of": {
              "version": "5.0.2",
              "resolved": "https://repo.socrata.com:443/artifactory/api/npm/npm-virtual/kind-of/-/kind-of-5.0.2.tgz",
              "integrity": "sha1-9Xvskz2aIgn/qWxcCDQ2B7cDX9o="
            }
          }
        },
        "kind-of": {
          "version": "3.2.2",
          "resolved": "https://repo.socrata.com:443/artifactory/api/npm/npm-virtual/kind-of/-/kind-of-3.2.2.tgz",
          "integrity": "sha1-MeohpzS6ubuw8yRm2JOupR5KPGQ=",
          "requires": {
            "is-buffer": "1.1.5"
          }
        }
      }
    },
    "object-visit": {
      "version": "1.0.1",
      "resolved": "https://repo.socrata.com:443/artifactory/api/npm/npm-virtual/object-visit/-/object-visit-1.0.1.tgz",
      "integrity": "sha1-95xEk68MU3e1n+OdOV5BBC3QRbs=",
      "requires": {
        "isobject": "3.0.1"
      }
    },
    "object.pick": {
      "version": "1.3.0",
      "resolved": "https://repo.socrata.com:443/artifactory/api/npm/npm-virtual/object.pick/-/object.pick-1.3.0.tgz",
      "integrity": "sha1-h6EKxMFpS9Lhy/U1kaZhQftd10c=",
      "requires": {
        "isobject": "3.0.1"
      }
    },
    "pascalcase": {
      "version": "0.1.1",
      "resolved": "https://repo.socrata.com:443/artifactory/api/npm/npm-virtual/pascalcase/-/pascalcase-0.1.1.tgz",
      "integrity": "sha1-s2PlXoAGym/iF4TS2yK9FdeRfxQ="
    },
    "posix-character-classes": {
      "version": "0.1.1",
      "resolved": "https://repo.socrata.com:443/artifactory/api/npm/npm-virtual/posix-character-classes/-/posix-character-classes-0.1.1.tgz",
      "integrity": "sha1-AerA/jta9xoqbAL+q7jB/vfgDqs="
    },
    "process-nextick-args": {
      "version": "1.0.7",
      "resolved": "https://repo.socrata.com:443/artifactory/api/npm/npm-virtual/process-nextick-args/-/process-nextick-args-1.0.7.tgz",
      "integrity": "sha1-FQ4gt1ZZCtP5EJPyWk8q2L/zC6M="
    },
    "prr": {
      "version": "0.0.0",
      "resolved": "https://repo.socrata.com:443/artifactory/api/npm/npm-virtual/prr/-/prr-0.0.0.tgz",
      "integrity": "sha1-GoS4WQgyVQFBGFPQCB7j+obikmo="
    },
    "readable-stream": {
      "version": "2.3.3",
      "resolved": "https://repo.socrata.com:443/artifactory/api/npm/npm-virtual/readable-stream/-/readable-stream-2.3.3.tgz",
      "integrity": "sha1-No8lEtefnUb9/HE0mueHi7weuVw=",
      "requires": {
        "core-util-is": "1.0.2",
        "inherits": "2.0.3",
        "isarray": "1.0.0",
        "process-nextick-args": "1.0.7",
        "safe-buffer": "5.1.1",
        "string_decoder": "1.0.3",
        "util-deprecate": "1.0.2"
      }
    },
    "reduce-reducers": {
      "version": "https://registry.npmjs.org/reduce-reducers/-/reduce-reducers-0.1.2.tgz",
      "integrity": "sha1-+htHGLxSkqcd3R5dg5yb6pdw8Us="
    },
    "regex-not": {
      "version": "1.0.0",
      "resolved": "https://repo.socrata.com:443/artifactory/api/npm/npm-virtual/regex-not/-/regex-not-1.0.0.tgz",
      "integrity": "sha1-Qvg+OXcWIt+CawKvF2Ul1qXxV/k=",
      "requires": {
        "extend-shallow": "2.0.1"
      }
    },
    "repeat-element": {
      "version": "1.1.2",
      "resolved": "https://repo.socrata.com:443/artifactory/api/npm/npm-virtual/repeat-element/-/repeat-element-1.1.2.tgz",
      "integrity": "sha1-7wiaF40Ug7quTZPrmLT55OEdmQo="
    },
    "repeat-string": {
      "version": "1.6.1",
      "resolved": "https://repo.socrata.com:443/artifactory/api/npm/npm-virtual/repeat-string/-/repeat-string-1.6.1.tgz",
      "integrity": "sha1-jcrkcOHIirwtYA//Sndihtp15jc="
    },
    "resolve-url": {
      "version": "0.2.1",
      "resolved": "https://repo.socrata.com:443/artifactory/api/npm/npm-virtual/resolve-url/-/resolve-url-0.2.1.tgz",
      "integrity": "sha1-LGN/53yJOv0qZj/iGqkIAGjiBSo="
    },
    "safe-buffer": {
      "version": "5.1.1",
      "resolved": "https://repo.socrata.com:443/artifactory/api/npm/npm-virtual/safe-buffer/-/safe-buffer-5.1.1.tgz",
      "integrity": "sha1-iTMSr2myEj3vcfV4iQAWce6yyFM="
    },
    "set-getter": {
      "version": "0.1.0",
      "resolved": "https://repo.socrata.com:443/artifactory/api/npm/npm-virtual/set-getter/-/set-getter-0.1.0.tgz",
      "integrity": "sha1-12nBgsnVpR9AkUXy+6guXoboA3Y=",
      "requires": {
        "to-object-path": "0.3.0"
      }
    },
    "set-value": {
      "version": "2.0.0",
      "resolved": "https://repo.socrata.com:443/artifactory/api/npm/npm-virtual/set-value/-/set-value-2.0.0.tgz",
      "integrity": "sha1-ca5KiPD+77v1LR6mBPP7MV67YnQ=",
      "requires": {
        "extend-shallow": "2.0.1",
        "is-extendable": "0.1.1",
        "is-plain-object": "2.0.4",
        "split-string": "3.0.2"
      },
      "dependencies": {
        "split-string": {
          "version": "3.0.2",
          "resolved": "https://repo.socrata.com:443/artifactory/api/npm/npm-virtual/split-string/-/split-string-3.0.2.tgz",
          "integrity": "sha1-YSm8knMXFuWqH7c8MzB48LfBFMg=",
          "requires": {
            "extend-shallow": "2.0.1"
          }
        }
      }
    },
    "snapdragon": {
      "version": "0.8.1",
      "resolved": "https://repo.socrata.com:443/artifactory/api/npm/npm-virtual/snapdragon/-/snapdragon-0.8.1.tgz",
      "integrity": "sha1-4StUh/re0+PeoKyR6UAL91tAE3A=",
      "requires": {
        "base": "0.11.2",
        "debug": "2.6.9",
        "define-property": "0.2.5",
        "extend-shallow": "2.0.1",
        "map-cache": "0.2.2",
        "source-map": "0.5.7",
        "source-map-resolve": "0.5.0",
        "use": "2.0.2"
      },
      "dependencies": {
        "define-property": {
          "version": "0.2.5",
          "resolved": "https://repo.socrata.com:443/artifactory/api/npm/npm-virtual/define-property/-/define-property-0.2.5.tgz",
          "integrity": "sha1-w1se+RjsPJkPmlvFe+BKrOxcgRY=",
          "requires": {
            "is-descriptor": "0.1.6"
          }
        },
        "is-descriptor": {
          "version": "0.1.6",
          "resolved": "https://repo.socrata.com:443/artifactory/api/npm/npm-virtual/is-descriptor/-/is-descriptor-0.1.6.tgz",
          "integrity": "sha1-Nm2CQN3kh8pRgjsaufB6EKeCUco=",
          "requires": {
            "is-accessor-descriptor": "0.1.6",
            "is-data-descriptor": "0.1.4",
            "kind-of": "5.0.2"
          }
        }
      }
    },
    "snapdragon-node": {
      "version": "2.1.1",
      "resolved": "https://repo.socrata.com:443/artifactory/api/npm/npm-virtual/snapdragon-node/-/snapdragon-node-2.1.1.tgz",
      "integrity": "sha1-bBdfhv8UvbByRWPo88GwIaKGhTs=",
      "requires": {
        "define-property": "1.0.0",
        "isobject": "3.0.1",
        "snapdragon-util": "3.0.1"
      }
    },
    "snapdragon-util": {
      "version": "3.0.1",
      "resolved": "https://repo.socrata.com:443/artifactory/api/npm/npm-virtual/snapdragon-util/-/snapdragon-util-3.0.1.tgz",
      "integrity": "sha1-+VZHlIbyrNeXAGk/b3uAXkWrVuI=",
      "requires": {
        "kind-of": "3.2.2"
      },
      "dependencies": {
        "kind-of": {
          "version": "3.2.2",
          "resolved": "https://repo.socrata.com:443/artifactory/api/npm/npm-virtual/kind-of/-/kind-of-3.2.2.tgz",
          "integrity": "sha1-MeohpzS6ubuw8yRm2JOupR5KPGQ=",
          "requires": {
            "is-buffer": "1.1.5"
          }
        }
      }
    },
    "source-map": {
      "version": "0.5.7",
      "resolved": "https://repo.socrata.com:443/artifactory/api/npm/npm-virtual/source-map/-/source-map-0.5.7.tgz",
      "integrity": "sha1-igOdLRAh0i0eoUyA2OpGi6LvP8w="
    },
    "source-map-resolve": {
      "version": "0.5.0",
      "resolved": "https://repo.socrata.com:443/artifactory/api/npm/npm-virtual/source-map-resolve/-/source-map-resolve-0.5.0.tgz",
      "integrity": "sha1-/K0LZLcK+ydpnkJZUMtevNQQvCA=",
      "requires": {
        "atob": "2.0.3",
        "resolve-url": "0.2.1",
        "source-map-url": "0.4.0",
        "urix": "0.1.0"
      }
    },
    "source-map-support": {
      "version": "0.4.18",
      "resolved": "https://repo.socrata.com:443/artifactory/api/npm/npm-virtual/source-map-support/-/source-map-support-0.4.18.tgz",
      "integrity": "sha1-Aoam3ovkJkEzhZTpfM6nXwosWF8=",
      "requires": {
        "source-map": "0.5.7"
      }
    },
    "source-map-url": {
      "version": "0.4.0",
      "resolved": "https://repo.socrata.com:443/artifactory/api/npm/npm-virtual/source-map-url/-/source-map-url-0.4.0.tgz",
      "integrity": "sha1-PpNdfd1zYxuXZZlW1VEo6HtQhKM="
    },
    "split-string": {
      "version": "2.1.1",
      "resolved": "https://repo.socrata.com:443/artifactory/api/npm/npm-virtual/split-string/-/split-string-2.1.1.tgz",
      "integrity": "sha1-r0sG2CFWBCZEbDzZMc2mGJQNN9A=",
      "requires": {
        "extend-shallow": "2.0.1"
      }
    },
    "static-extend": {
      "version": "0.1.2",
      "resolved": "https://repo.socrata.com:443/artifactory/api/npm/npm-virtual/static-extend/-/static-extend-0.1.2.tgz",
      "integrity": "sha1-YICcOcv/VTNyJv1eC1IPNB8ftcY=",
      "requires": {
        "define-property": "0.2.5",
        "object-copy": "0.1.0"
      },
      "dependencies": {
        "define-property": {
          "version": "0.2.5",
          "resolved": "https://repo.socrata.com:443/artifactory/api/npm/npm-virtual/define-property/-/define-property-0.2.5.tgz",
          "integrity": "sha1-w1se+RjsPJkPmlvFe+BKrOxcgRY=",
          "requires": {
            "is-descriptor": "0.1.6"
          }
        },
        "is-descriptor": {
          "version": "0.1.6",
          "resolved": "https://repo.socrata.com:443/artifactory/api/npm/npm-virtual/is-descriptor/-/is-descriptor-0.1.6.tgz",
          "integrity": "sha1-Nm2CQN3kh8pRgjsaufB6EKeCUco=",
          "requires": {
            "is-accessor-descriptor": "0.1.6",
            "is-data-descriptor": "0.1.4",
            "kind-of": "5.0.2"
          }
        }
      }
    },
    "string_decoder": {
      "version": "1.0.3",
      "resolved": "https://repo.socrata.com:443/artifactory/api/npm/npm-virtual/string_decoder/-/string_decoder-1.0.3.tgz",
      "integrity": "sha1-D8Z9fBQYJd6UKC3VNr7GubzoYKs=",
      "requires": {
        "safe-buffer": "5.1.1"
      }
    },
    "tapable": {
      "version": "0.2.8",
      "resolved": "https://repo.socrata.com:443/artifactory/api/npm/npm-virtual/tapable/-/tapable-0.2.8.tgz",
      "integrity": "sha1-mTcqXJmb8t8WCvwNdL7U9HlIzSI="
    },
    "to-object-path": {
      "version": "0.3.0",
      "resolved": "https://repo.socrata.com:443/artifactory/api/npm/npm-virtual/to-object-path/-/to-object-path-0.3.0.tgz",
      "integrity": "sha1-KXWIt7Dn4KwI4E5nL4XB9JmeF68=",
      "requires": {
        "kind-of": "3.2.2"
      },
      "dependencies": {
        "kind-of": {
          "version": "3.2.2",
          "resolved": "https://repo.socrata.com:443/artifactory/api/npm/npm-virtual/kind-of/-/kind-of-3.2.2.tgz",
          "integrity": "sha1-MeohpzS6ubuw8yRm2JOupR5KPGQ=",
          "requires": {
            "is-buffer": "1.1.5"
          }
        }
      }
    },
    "to-regex": {
      "version": "3.0.1",
      "resolved": "https://repo.socrata.com:443/artifactory/api/npm/npm-virtual/to-regex/-/to-regex-3.0.1.tgz",
      "integrity": "sha1-FTWL7kosg712N3uh3ASdDxiDeq4=",
      "requires": {
        "define-property": "0.2.5",
        "extend-shallow": "2.0.1",
        "regex-not": "1.0.0"
      },
      "dependencies": {
        "define-property": {
          "version": "0.2.5",
          "resolved": "https://repo.socrata.com:443/artifactory/api/npm/npm-virtual/define-property/-/define-property-0.2.5.tgz",
          "integrity": "sha1-w1se+RjsPJkPmlvFe+BKrOxcgRY=",
          "requires": {
            "is-descriptor": "0.1.6"
          }
        },
        "is-descriptor": {
          "version": "0.1.6",
          "resolved": "https://repo.socrata.com:443/artifactory/api/npm/npm-virtual/is-descriptor/-/is-descriptor-0.1.6.tgz",
          "integrity": "sha1-Nm2CQN3kh8pRgjsaufB6EKeCUco=",
          "requires": {
            "is-accessor-descriptor": "0.1.6",
            "is-data-descriptor": "0.1.4",
            "kind-of": "5.0.2"
          }
        }
      }
    },
    "to-regex-range": {
      "version": "2.1.1",
      "resolved": "https://repo.socrata.com:443/artifactory/api/npm/npm-virtual/to-regex-range/-/to-regex-range-2.1.1.tgz",
      "integrity": "sha1-fIDBe53+vlmeJzZ+DU3VWQFB2zg=",
      "requires": {
        "is-number": "3.0.0",
        "repeat-string": "1.6.1"
      }
    },
    "union-value": {
      "version": "1.0.0",
      "resolved": "https://repo.socrata.com:443/artifactory/api/npm/npm-virtual/union-value/-/union-value-1.0.0.tgz",
      "integrity": "sha1-XHHDTLW61dzr4+oM0IIHulqhrqQ=",
      "requires": {
        "arr-union": "3.1.0",
        "get-value": "2.0.6",
        "is-extendable": "0.1.1",
        "set-value": "0.4.3"
      },
      "dependencies": {
        "set-value": {
          "version": "0.4.3",
          "resolved": "https://repo.socrata.com:443/artifactory/api/npm/npm-virtual/set-value/-/set-value-0.4.3.tgz",
          "integrity": "sha1-fbCPnT0i3H945Trzw79GZuzfzPE=",
          "requires": {
            "extend-shallow": "2.0.1",
            "is-extendable": "0.1.1",
            "is-plain-object": "2.0.4",
            "to-object-path": "0.3.0"
          }
        }
      }
    },
    "unset-value": {
      "version": "1.0.0",
      "resolved": "https://repo.socrata.com:443/artifactory/api/npm/npm-virtual/unset-value/-/unset-value-1.0.0.tgz",
      "integrity": "sha1-g3aHP30jNRef+x5vw6jtDfyKtVk=",
      "requires": {
        "has-value": "0.3.1",
        "isobject": "3.0.1"
      },
      "dependencies": {
        "has-value": {
          "version": "0.3.1",
          "resolved": "https://repo.socrata.com:443/artifactory/api/npm/npm-virtual/has-value/-/has-value-0.3.1.tgz",
          "integrity": "sha1-ex9YutpiyoJ+wKIHgCVlSEWZXh8=",
          "requires": {
            "get-value": "2.0.6",
            "has-values": "0.1.4",
            "isobject": "2.1.0"
          },
          "dependencies": {
            "isobject": {
              "version": "2.1.0",
              "resolved": "https://repo.socrata.com:443/artifactory/api/npm/npm-virtual/isobject/-/isobject-2.1.0.tgz",
              "integrity": "sha1-8GVWEJaj8dou9GJy+BXIQNh+DIk=",
              "requires": {
                "isarray": "1.0.0"
              }
            }
          }
        },
        "has-values": {
          "version": "0.1.4",
          "resolved": "https://repo.socrata.com:443/artifactory/api/npm/npm-virtual/has-values/-/has-values-0.1.4.tgz",
          "integrity": "sha1-bWHeldkd/Km5oCCJrThL/49it3E="
        }
      }
    },
    "urix": {
      "version": "0.1.0",
      "resolved": "https://repo.socrata.com:443/artifactory/api/npm/npm-virtual/urix/-/urix-0.1.0.tgz",
      "integrity": "sha1-2pN/emLiH+wf0Y1Js1wpNQZ6bHI="
    },
    "use": {
      "version": "2.0.2",
      "resolved": "https://repo.socrata.com:443/artifactory/api/npm/npm-virtual/use/-/use-2.0.2.tgz",
      "integrity": "sha1-riig1y+TvyJCKhii43mZMRLeyOg=",
      "requires": {
        "define-property": "0.2.5",
        "isobject": "3.0.1",
        "lazy-cache": "2.0.2"
      },
      "dependencies": {
        "define-property": {
          "version": "0.2.5",
          "resolved": "https://repo.socrata.com:443/artifactory/api/npm/npm-virtual/define-property/-/define-property-0.2.5.tgz",
          "integrity": "sha1-w1se+RjsPJkPmlvFe+BKrOxcgRY=",
          "requires": {
            "is-descriptor": "0.1.6"
          }
        },
        "is-descriptor": {
          "version": "0.1.6",
          "resolved": "https://repo.socrata.com:443/artifactory/api/npm/npm-virtual/is-descriptor/-/is-descriptor-0.1.6.tgz",
          "integrity": "sha1-Nm2CQN3kh8pRgjsaufB6EKeCUco=",
          "requires": {
            "is-accessor-descriptor": "0.1.6",
            "is-data-descriptor": "0.1.4",
            "kind-of": "5.0.2"
          }
        }
      }
    },
    "util-deprecate": {
      "version": "1.0.2",
      "resolved": "https://repo.socrata.com:443/artifactory/api/npm/npm-virtual/util-deprecate/-/util-deprecate-1.0.2.tgz",
      "integrity": "sha1-RQ1Nyfpw3nMnYvvS1KKJgUGaDM8="
    },
    "redux-saga": {
      "version": "0.16.0",
      "resolved": "https://repo.socrata.com:443/artifactory/api/npm/npm-virtual/redux-saga/-/redux-saga-0.16.0.tgz",
      "integrity": "sha1-CiMdsKFIkwHdmA9vL4jYztQY9yQ="
    }
  }
}
